
Microsoft Visual Studio Solution File, Format Version 12.00
# Visual Studio 15
VisualStudioVersion = 15.0.26730.12
MinimumVisualStudioVersion = 10.0.40219.1
Project("{FAE04EC0-301F-11D3-BF4B-00C04F79EFBC}") = "Exercicio01.Android", "Exercicio01\Exercicio01.Android\Exercicio01.Android.csproj", "{C753E7B2-2E15-4839-8380-DFD5F8A49199}"
EndProject
Project("{FAE04EC0-301F-11D3-BF4B-00C04F79EFBC}") = "Exercicio01", "Exercicio01\Exercicio01\Exercicio01.csproj", "{393FCC84-FA37-4716-8653-35FDFFB391BC}"
EndProject
Project("{FAE04EC0-301F-11D3-BF4B-00C04F79EFBC}") = "Exercicio01.UWP", "Exercicio01\Exercicio01.UWP\Exercicio01.UWP.csproj", "{6D3B7131-D246-44BF-9B15-7B7E1E507696}"
EndProject
Project("{FAE04EC0-301F-11D3-BF4B-00C04F79EFBC}") = "Exercicio01.iOS", "Exercicio01\Exercicio01.iOS\Exercicio01.iOS.csproj", "{8229E14F-5B6F-4372-97DA-E280309564C2}"
EndProject
Global
	GlobalSection(SolutionConfigurationPlatforms) = preSolution
		Ad-Hoc|Any CPU = Ad-Hoc|Any CPU
		Ad-Hoc|ARM = Ad-Hoc|ARM
		Ad-Hoc|iPhone = Ad-Hoc|iPhone
		Ad-Hoc|iPhoneSimulator = Ad-Hoc|iPhoneSimulator
		Ad-Hoc|x64 = Ad-Hoc|x64
		Ad-Hoc|x86 = Ad-Hoc|x86
		AppStore|Any CPU = AppStore|Any CPU
		AppStore|ARM = AppStore|ARM
		AppStore|iPhone = AppStore|iPhone
		AppStore|iPhoneSimulator = AppStore|iPhoneSimulator
		AppStore|x64 = AppStore|x64
		AppStore|x86 = AppStore|x86
		Debug|Any CPU = Debug|Any CPU
		Debug|ARM = Debug|ARM
		Debug|iPhone = Debug|iPhone
		Debug|iPhoneSimulator = Debug|iPhoneSimulator
		Debug|x64 = Debug|x64
		Debug|x86 = Debug|x86
		Release|Any CPU = Release|Any CPU
		Release|ARM = Release|ARM
		Release|iPhone = Release|iPhone
		Release|iPhoneSimulator = Release|iPhoneSimulator
		Release|x64 = Release|x64
		Release|x86 = Release|x86
	EndGlobalSection
	GlobalSection(ProjectConfigurationPlatforms) = postSolution
		{C753E7B2-2E15-4839-8380-DFD5F8A49199}.Ad-Hoc|Any CPU.ActiveCfg = Release|Any CPU
		{C753E7B2-2E15-4839-8380-DFD5F8A49199}.Ad-Hoc|Any CPU.Build.0 = Release|Any CPU
		{C753E7B2-2E15-4839-8380-DFD5F8A49199}.Ad-Hoc|Any CPU.Deploy.0 = Release|Any CPU
		{C753E7B2-2E15-4839-8380-DFD5F8A49199}.Ad-Hoc|ARM.ActiveCfg = Release|Any CPU
		{C753E7B2-2E15-4839-8380-DFD5F8A49199}.Ad-Hoc|ARM.Build.0 = Release|Any CPU
		{C753E7B2-2E15-4839-8380-DFD5F8A49199}.Ad-Hoc|ARM.Deploy.0 = Release|Any CPU
		{C753E7B2-2E15-4839-8380-DFD5F8A49199}.Ad-Hoc|iPhone.ActiveCfg = Release|Any CPU
		{C753E7B2-2E15-4839-8380-DFD5F8A49199}.Ad-Hoc|iPhone.Build.0 = Release|Any CPU
		{C753E7B2-2E15-4839-8380-DFD5F8A49199}.Ad-Hoc|iPhone.Deploy.0 = Release|Any CPU
		{C753E7B2-2E15-4839-8380-DFD5F8A49199}.Ad-Hoc|iPhoneSimulator.ActiveCfg = Release|Any CPU
		{C753E7B2-2E15-4839-8380-DFD5F8A49199}.Ad-Hoc|iPhoneSimulator.Build.0 = Release|Any CPU
		{C753E7B2-2E15-4839-8380-DFD5F8A49199}.Ad-Hoc|iPhoneSimulator.Deploy.0 = Release|Any CPU
		{C753E7B2-2E15-4839-8380-DFD5F8A49199}.Ad-Hoc|x64.ActiveCfg = Release|Any CPU
		{C753E7B2-2E15-4839-8380-DFD5F8A49199}.Ad-Hoc|x64.Build.0 = Release|Any CPU
		{C753E7B2-2E15-4839-8380-DFD5F8A49199}.Ad-Hoc|x64.Deploy.0 = Release|Any CPU
		{C753E7B2-2E15-4839-8380-DFD5F8A49199}.Ad-Hoc|x86.ActiveCfg = Release|Any CPU
		{C753E7B2-2E15-4839-8380-DFD5F8A49199}.Ad-Hoc|x86.Build.0 = Release|Any CPU
		{C753E7B2-2E15-4839-8380-DFD5F8A49199}.Ad-Hoc|x86.Deploy.0 = Release|Any CPU
		{C753E7B2-2E15-4839-8380-DFD5F8A49199}.AppStore|Any CPU.ActiveCfg = Release|Any CPU
		{C753E7B2-2E15-4839-8380-DFD5F8A49199}.AppStore|Any CPU.Build.0 = Release|Any CPU
		{C753E7B2-2E15-4839-8380-DFD5F8A49199}.AppStore|Any CPU.Deploy.0 = Release|Any CPU
		{C753E7B2-2E15-4839-8380-DFD5F8A49199}.AppStore|ARM.ActiveCfg = Release|Any CPU
		{C753E7B2-2E15-4839-8380-DFD5F8A49199}.AppStore|ARM.Build.0 = Release|Any CPU
		{C753E7B2-2E15-4839-8380-DFD5F8A49199}.AppStore|ARM.Deploy.0 = Release|Any CPU
		{C753E7B2-2E15-4839-8380-DFD5F8A49199}.AppStore|iPhone.ActiveCfg = Release|Any CPU
		{C753E7B2-2E15-4839-8380-DFD5F8A49199}.AppStore|iPhone.Build.0 = Release|Any CPU
		{C753E7B2-2E15-4839-8380-DFD5F8A49199}.AppStore|iPhone.Deploy.0 = Release|Any CPU
		{C753E7B2-2E15-4839-8380-DFD5F8A49199}.AppStore|iPhoneSimulator.ActiveCfg = Release|Any CPU
		{C753E7B2-2E15-4839-8380-DFD5F8A49199}.AppStore|iPhoneSimulator.Build.0 = Release|Any CPU
		{C753E7B2-2E15-4839-8380-DFD5F8A49199}.AppStore|iPhoneSimulator.Deploy.0 = Release|Any CPU
		{C753E7B2-2E15-4839-8380-DFD5F8A49199}.AppStore|x64.ActiveCfg = Release|Any CPU
		{C753E7B2-2E15-4839-8380-DFD5F8A49199}.AppStore|x64.Build.0 = Release|Any CPU
		{C753E7B2-2E15-4839-8380-DFD5F8A49199}.AppStore|x64.Deploy.0 = Release|Any CPU
		{C753E7B2-2E15-4839-8380-DFD5F8A49199}.AppStore|x86.ActiveCfg = Release|Any CPU
		{C753E7B2-2E15-4839-8380-DFD5F8A49199}.AppStore|x86.Build.0 = Release|Any CPU
		{C753E7B2-2E15-4839-8380-DFD5F8A49199}.AppStore|x86.Deploy.0 = Release|Any CPU
		{C753E7B2-2E15-4839-8380-DFD5F8A49199}.Debug|Any CPU.ActiveCfg = Debug|Any CPU
		{C753E7B2-2E15-4839-8380-DFD5F8A49199}.Debug|Any CPU.Build.0 = Debug|Any CPU
		{C753E7B2-2E15-4839-8380-DFD5F8A49199}.Debug|Any CPU.Deploy.0 = Debug|Any CPU
		{C753E7B2-2E15-4839-8380-DFD5F8A49199}.Debug|ARM.ActiveCfg = Debug|Any CPU
		{C753E7B2-2E15-4839-8380-DFD5F8A49199}.Debug|ARM.Build.0 = Debug|Any CPU
		{C753E7B2-2E15-4839-8380-DFD5F8A49199}.Debug|ARM.Deploy.0 = Debug|Any CPU
		{C753E7B2-2E15-4839-8380-DFD5F8A49199}.Debug|iPhone.ActiveCfg = Debug|Any CPU
		{C753E7B2-2E15-4839-8380-DFD5F8A49199}.Debug|iPhone.Build.0 = Debug|Any CPU
		{C753E7B2-2E15-4839-8380-DFD5F8A49199}.Debug|iPhone.Deploy.0 = Debug|Any CPU
		{C753E7B2-2E15-4839-8380-DFD5F8A49199}.Debug|iPhoneSimulator.ActiveCfg = Debug|Any CPU
		{C753E7B2-2E15-4839-8380-DFD5F8A49199}.Debug|iPhoneSimulator.Build.0 = Debug|Any CPU
		{C753E7B2-2E15-4839-8380-DFD5F8A49199}.Debug|iPhoneSimulator.Deploy.0 = Debug|Any CPU
		{C753E7B2-2E15-4839-8380-DFD5F8A49199}.Debug|x64.ActiveCfg = Debug|Any CPU
		{C753E7B2-2E15-4839-8380-DFD5F8A49199}.Debug|x64.Build.0 = Debug|Any CPU
		{C753E7B2-2E15-4839-8380-DFD5F8A49199}.Debug|x64.Deploy.0 = Debug|Any CPU
		{C753E7B2-2E15-4839-8380-DFD5F8A49199}.Debug|x86.ActiveCfg = Debug|Any CPU
		{C753E7B2-2E15-4839-8380-DFD5F8A49199}.Debug|x86.Build.0 = Debug|Any CPU
		{C753E7B2-2E15-4839-8380-DFD5F8A49199}.Debug|x86.Deploy.0 = Debug|Any CPU
		{C753E7B2-2E15-4839-8380-DFD5F8A49199}.Release|Any CPU.ActiveCfg = Release|Any CPU
		{C753E7B2-2E15-4839-8380-DFD5F8A49199}.Release|Any CPU.Build.0 = Release|Any CPU
		{C753E7B2-2E15-4839-8380-DFD5F8A49199}.Release|Any CPU.Deploy.0 = Release|Any CPU
		{C753E7B2-2E15-4839-8380-DFD5F8A49199}.Release|ARM.ActiveCfg = Release|Any CPU
		{C753E7B2-2E15-4839-8380-DFD5F8A49199}.Release|ARM.Build.0 = Release|Any CPU
		{C753E7B2-2E15-4839-8380-DFD5F8A49199}.Release|ARM.Deploy.0 = Release|Any CPU
		{C753E7B2-2E15-4839-8380-DFD5F8A49199}.Release|iPhone.ActiveCfg = Release|Any CPU
		{C753E7B2-2E15-4839-8380-DFD5F8A49199}.Release|iPhone.Build.0 = Release|Any CPU
		{C753E7B2-2E15-4839-8380-DFD5F8A49199}.Release|iPhone.Deploy.0 = Release|Any CPU
		{C753E7B2-2E15-4839-8380-DFD5F8A49199}.Release|iPhoneSimulator.ActiveCfg = Release|Any CPU
		{C753E7B2-2E15-4839-8380-DFD5F8A49199}.Release|iPhoneSimulator.Build.0 = Release|Any CPU
		{C753E7B2-2E15-4839-8380-DFD5F8A49199}.Release|iPhoneSimulator.Deploy.0 = Release|Any CPU
		{C753E7B2-2E15-4839-8380-DFD5F8A49199}.Release|x64.ActiveCfg = Release|Any CPU
		{C753E7B2-2E15-4839-8380-DFD5F8A49199}.Release|x64.Build.0 = Release|Any CPU
		{C753E7B2-2E15-4839-8380-DFD5F8A49199}.Release|x64.Deploy.0 = Release|Any CPU
		{C753E7B2-2E15-4839-8380-DFD5F8A49199}.Release|x86.ActiveCfg = Release|Any CPU
		{C753E7B2-2E15-4839-8380-DFD5F8A49199}.Release|x86.Build.0 = Release|Any CPU
		{C753E7B2-2E15-4839-8380-DFD5F8A49199}.Release|x86.Deploy.0 = Release|Any CPU
		{393FCC84-FA37-4716-8653-35FDFFB391BC}.Ad-Hoc|Any CPU.ActiveCfg = Release|Any CPU
		{393FCC84-FA37-4716-8653-35FDFFB391BC}.Ad-Hoc|Any CPU.Build.0 = Release|Any CPU
		{393FCC84-FA37-4716-8653-35FDFFB391BC}.Ad-Hoc|ARM.ActiveCfg = Release|Any CPU
		{393FCC84-FA37-4716-8653-35FDFFB391BC}.Ad-Hoc|ARM.Build.0 = Release|Any CPU
		{393FCC84-FA37-4716-8653-35FDFFB391BC}.Ad-Hoc|iPhone.ActiveCfg = Release|Any CPU
		{393FCC84-FA37-4716-8653-35FDFFB391BC}.Ad-Hoc|iPhone.Build.0 = Release|Any CPU
		{393FCC84-FA37-4716-8653-35FDFFB391BC}.Ad-Hoc|iPhoneSimulator.ActiveCfg = Release|Any CPU
		{393FCC84-FA37-4716-8653-35FDFFB391BC}.Ad-Hoc|iPhoneSimulator.Build.0 = Release|Any CPU
		{393FCC84-FA37-4716-8653-35FDFFB391BC}.Ad-Hoc|x64.ActiveCfg = Release|Any CPU
		{393FCC84-FA37-4716-8653-35FDFFB391BC}.Ad-Hoc|x64.Build.0 = Release|Any CPU
		{393FCC84-FA37-4716-8653-35FDFFB391BC}.Ad-Hoc|x86.ActiveCfg = Release|Any CPU
		{393FCC84-FA37-4716-8653-35FDFFB391BC}.Ad-Hoc|x86.Build.0 = Release|Any CPU
		{393FCC84-FA37-4716-8653-35FDFFB391BC}.AppStore|Any CPU.ActiveCfg = Release|Any CPU
		{393FCC84-FA37-4716-8653-35FDFFB391BC}.AppStore|Any CPU.Build.0 = Release|Any CPU
		{393FCC84-FA37-4716-8653-35FDFFB391BC}.AppStore|ARM.ActiveCfg = Release|Any CPU
		{393FCC84-FA37-4716-8653-35FDFFB391BC}.AppStore|ARM.Build.0 = Release|Any CPU
		{393FCC84-FA37-4716-8653-35FDFFB391BC}.AppStore|iPhone.ActiveCfg = Release|Any CPU
		{393FCC84-FA37-4716-8653-35FDFFB391BC}.AppStore|iPhone.Build.0 = Release|Any CPU
		{393FCC84-FA37-4716-8653-35FDFFB391BC}.AppStore|iPhoneSimulator.ActiveCfg = Release|Any CPU
		{393FCC84-FA37-4716-8653-35FDFFB391BC}.AppStore|iPhoneSimulator.Build.0 = Release|Any CPU
		{393FCC84-FA37-4716-8653-35FDFFB391BC}.AppStore|x64.ActiveCfg = Release|Any CPU
		{393FCC84-FA37-4716-8653-35FDFFB391BC}.AppStore|x64.Build.0 = Release|Any CPU
		{393FCC84-FA37-4716-8653-35FDFFB391BC}.AppStore|x86.ActiveCfg = Release|Any CPU
		{393FCC84-FA37-4716-8653-35FDFFB391BC}.AppStore|x86.Build.0 = Release|Any CPU
		{393FCC84-FA37-4716-8653-35FDFFB391BC}.Debug|Any CPU.ActiveCfg = Debug|Any CPU
		{393FCC84-FA37-4716-8653-35FDFFB391BC}.Debug|Any CPU.Build.0 = Debug|Any CPU
		{393FCC84-FA37-4716-8653-35FDFFB391BC}.Debug|ARM.ActiveCfg = Debug|Any CPU
		{393FCC84-FA37-4716-8653-35FDFFB391BC}.Debug|ARM.Build.0 = Debug|Any CPU
		{393FCC84-FA37-4716-8653-35FDFFB391BC}.Debug|iPhone.ActiveCfg = Debug|Any CPU
		{393FCC84-FA37-4716-8653-35FDFFB391BC}.Debug|iPhone.Build.0 = Debug|Any CPU
		{393FCC84-FA37-4716-8653-35FDFFB391BC}.Debug|iPhoneSimulator.ActiveCfg = Debug|Any CPU
		{393FCC84-FA37-4716-8653-35FDFFB391BC}.Debug|iPhoneSimulator.Build.0 = Debug|Any CPU
		{393FCC84-FA37-4716-8653-35FDFFB391BC}.Debug|x64.ActiveCfg = Debug|Any CPU
		{393FCC84-FA37-4716-8653-35FDFFB391BC}.Debug|x64.Build.0 = Debug|Any CPU
		{393FCC84-FA37-4716-8653-35FDFFB391BC}.Debug|x86.ActiveCfg = Debug|Any CPU
		{393FCC84-FA37-4716-8653-35FDFFB391BC}.Debug|x86.Build.0 = Debug|Any CPU
		{393FCC84-FA37-4716-8653-35FDFFB391BC}.Release|Any CPU.ActiveCfg = Release|Any CPU
		{393FCC84-FA37-4716-8653-35FDFFB391BC}.Release|Any CPU.Build.0 = Release|Any CPU
		{393FCC84-FA37-4716-8653-35FDFFB391BC}.Release|ARM.ActiveCfg = Release|Any CPU
		{393FCC84-FA37-4716-8653-35FDFFB391BC}.Release|ARM.Build.0 = Release|Any CPU
		{393FCC84-FA37-4716-8653-35FDFFB391BC}.Release|iPhone.ActiveCfg = Release|Any CPU
		{393FCC84-FA37-4716-8653-35FDFFB391BC}.Release|iPhone.Build.0 = Release|Any CPU
		{393FCC84-FA37-4716-8653-35FDFFB391BC}.Release|iPhoneSimulator.ActiveCfg = Release|Any CPU
		{393FCC84-FA37-4716-8653-35FDFFB391BC}.Release|iPhoneSimulator.Build.0 = Release|Any CPU
		{393FCC84-FA37-4716-8653-35FDFFB391BC}.Release|x64.ActiveCfg = Release|Any CPU
		{393FCC84-FA37-4716-8653-35FDFFB391BC}.Release|x64.Build.0 = Release|Any CPU
		{393FCC84-FA37-4716-8653-35FDFFB391BC}.Release|x86.ActiveCfg = Release|Any CPU
		{393FCC84-FA37-4716-8653-35FDFFB391BC}.Release|x86.Build.0 = Release|Any CPU
		{6D3B7131-D246-44BF-9B15-7B7E1E507696}.Ad-Hoc|Any CPU.ActiveCfg = Release|x86
		{6D3B7131-D246-44BF-9B15-7B7E1E507696}.Ad-Hoc|Any CPU.Build.0 = Release|x86
		{6D3B7131-D246-44BF-9B15-7B7E1E507696}.Ad-Hoc|Any CPU.Deploy.0 = Release|x86
		{6D3B7131-D246-44BF-9B15-7B7E1E507696}.Ad-Hoc|ARM.ActiveCfg = Release|ARM
		{6D3B7131-D246-44BF-9B15-7B7E1E507696}.Ad-Hoc|ARM.Build.0 = Release|ARM
		{6D3B7131-D246-44BF-9B15-7B7E1E507696}.Ad-Hoc|ARM.Deploy.0 = Release|ARM
		{6D3B7131-D246-44BF-9B15-7B7E1E507696}.Ad-Hoc|iPhone.ActiveCfg = Release|x86
		{6D3B7131-D246-44BF-9B15-7B7E1E507696}.Ad-Hoc|iPhone.Build.0 = Release|x86
		{6D3B7131-D246-44BF-9B15-7B7E1E507696}.Ad-Hoc|iPhone.Deploy.0 = Release|x86
		{6D3B7131-D246-44BF-9B15-7B7E1E507696}.Ad-Hoc|iPhoneSimulator.ActiveCfg = Release|x86
		{6D3B7131-D246-44BF-9B15-7B7E1E507696}.Ad-Hoc|iPhoneSimulator.Build.0 = Release|x86
		{6D3B7131-D246-44BF-9B15-7B7E1E507696}.Ad-Hoc|iPhoneSimulator.Deploy.0 = Release|x86
		{6D3B7131-D246-44BF-9B15-7B7E1E507696}.Ad-Hoc|x64.ActiveCfg = Release|x64
		{6D3B7131-D246-44BF-9B15-7B7E1E507696}.Ad-Hoc|x64.Build.0 = Release|x64
		{6D3B7131-D246-44BF-9B15-7B7E1E507696}.Ad-Hoc|x64.Deploy.0 = Release|x64
		{6D3B7131-D246-44BF-9B15-7B7E1E507696}.Ad-Hoc|x86.ActiveCfg = Release|x86
		{6D3B7131-D246-44BF-9B15-7B7E1E507696}.Ad-Hoc|x86.Build.0 = Release|x86
		{6D3B7131-D246-44BF-9B15-7B7E1E507696}.Ad-Hoc|x86.Deploy.0 = Release|x86
		{6D3B7131-D246-44BF-9B15-7B7E1E507696}.AppStore|Any CPU.ActiveCfg = Release|x86
		{6D3B7131-D246-44BF-9B15-7B7E1E507696}.AppStore|Any CPU.Build.0 = Release|x86
		{6D3B7131-D246-44BF-9B15-7B7E1E507696}.AppStore|Any CPU.Deploy.0 = Release|x86
		{6D3B7131-D246-44BF-9B15-7B7E1E507696}.AppStore|ARM.ActiveCfg = Release|ARM
		{6D3B7131-D246-44BF-9B15-7B7E1E507696}.AppStore|ARM.Build.0 = Release|ARM
		{6D3B7131-D246-44BF-9B15-7B7E1E507696}.AppStore|ARM.Deploy.0 = Release|ARM
		{6D3B7131-D246-44BF-9B15-7B7E1E507696}.AppStore|iPhone.ActiveCfg = Release|x86
		{6D3B7131-D246-44BF-9B15-7B7E1E507696}.AppStore|iPhone.Build.0 = Release|x86
		{6D3B7131-D246-44BF-9B15-7B7E1E507696}.AppStore|iPhone.Deploy.0 = Release|x86
		{6D3B7131-D246-44BF-9B15-7B7E1E507696}.AppStore|iPhoneSimulator.ActiveCfg = Release|x86
		{6D3B7131-D246-44BF-9B15-7B7E1E507696}.AppStore|iPhoneSimulator.Build.0 = Release|x86
		{6D3B7131-D246-44BF-9B15-7B7E1E507696}.AppStore|iPhoneSimulator.Deploy.0 = Release|x86
		{6D3B7131-D246-44BF-9B15-7B7E1E507696}.AppStore|x64.ActiveCfg = Release|x64
		{6D3B7131-D246-44BF-9B15-7B7E1E507696}.AppStore|x64.Build.0 = Release|x64
		{6D3B7131-D246-44BF-9B15-7B7E1E507696}.AppStore|x64.Deploy.0 = Release|x64
		{6D3B7131-D246-44BF-9B15-7B7E1E507696}.AppStore|x86.ActiveCfg = Release|x86
		{6D3B7131-D246-44BF-9B15-7B7E1E507696}.AppStore|x86.Build.0 = Release|x86
		{6D3B7131-D246-44BF-9B15-7B7E1E507696}.AppStore|x86.Deploy.0 = Release|x86
		{6D3B7131-D246-44BF-9B15-7B7E1E507696}.Debug|Any CPU.ActiveCfg = Debug|x86
		{6D3B7131-D246-44BF-9B15-7B7E1E507696}.Debug|ARM.ActiveCfg = Debug|ARM
		{6D3B7131-D246-44BF-9B15-7B7E1E507696}.Debug|ARM.Build.0 = Debug|ARM
		{6D3B7131-D246-44BF-9B15-7B7E1E507696}.Debug|ARM.Deploy.0 = Debug|ARM
		{6D3B7131-D246-44BF-9B15-7B7E1E507696}.Debug|iPhone.ActiveCfg = Debug|x86
		{6D3B7131-D246-44BF-9B15-7B7E1E507696}.Debug|iPhoneSimulator.ActiveCfg = Debug|x86
		{6D3B7131-D246-44BF-9B15-7B7E1E507696}.Debug|x64.ActiveCfg = Debug|x64
		{6D3B7131-D246-44BF-9B15-7B7E1E507696}.Debug|x64.Build.0 = Debug|x64
		{6D3B7131-D246-44BF-9B15-7B7E1E507696}.Debug|x64.Deploy.0 = Debug|x64
		{6D3B7131-D246-44BF-9B15-7B7E1E507696}.Debug|x86.ActiveCfg = Debug|x86
		{6D3B7131-D246-44BF-9B15-7B7E1E507696}.Debug|x86.Build.0 = Debug|x86
		{6D3B7131-D246-44BF-9B15-7B7E1E507696}.Debug|x86.Deploy.0 = Debug|x86
		{6D3B7131-D246-44BF-9B15-7B7E1E507696}.Release|Any CPU.ActiveCfg = Release|x86
		{6D3B7131-D246-44BF-9B15-7B7E1E507696}.Release|ARM.ActiveCfg = Release|ARM
		{6D3B7131-D246-44BF-9B15-7B7E1E507696}.Release|ARM.Build.0 = Release|ARM
		{6D3B7131-D246-44BF-9B15-7B7E1E507696}.Release|ARM.Deploy.0 = Release|ARM
		{6D3B7131-D246-44BF-9B15-7B7E1E507696}.Release|iPhone.ActiveCfg = Release|x86
		{6D3B7131-D246-44BF-9B15-7B7E1E507696}.Release|iPhoneSimulator.ActiveCfg = Release|x86
		{6D3B7131-D246-44BF-9B15-7B7E1E507696}.Release|x64.ActiveCfg = Release|x64
		{6D3B7131-D246-44BF-9B15-7B7E1E507696}.Release|x64.Build.0 = Release|x64
		{6D3B7131-D246-44BF-9B15-7B7E1E507696}.Release|x64.Deploy.0 = Release|x64
		{6D3B7131-D246-44BF-9B15-7B7E1E507696}.Release|x86.ActiveCfg = Release|x86
		{6D3B7131-D246-44BF-9B15-7B7E1E507696}.Release|x86.Build.0 = Release|x86
		{6D3B7131-D246-44BF-9B15-7B7E1E507696}.Release|x86.Deploy.0 = Release|x86
		{8229E14F-5B6F-4372-97DA-E280309564C2}.Ad-Hoc|Any CPU.ActiveCfg = Ad-Hoc|iPhone
		{8229E14F-5B6F-4372-97DA-E280309564C2}.Ad-Hoc|ARM.ActiveCfg = Ad-Hoc|iPhone
		{8229E14F-5B6F-4372-97DA-E280309564C2}.Ad-Hoc|iPhone.ActiveCfg = Ad-Hoc|iPhone
		{8229E14F-5B6F-4372-97DA-E280309564C2}.Ad-Hoc|iPhone.Build.0 = Ad-Hoc|iPhone
		{8229E14F-5B6F-4372-97DA-E280309564C2}.Ad-Hoc|iPhoneSimulator.ActiveCfg = Ad-Hoc|iPhoneSimulator
		{8229E14F-5B6F-4372-97DA-E280309564C2}.Ad-Hoc|iPhoneSimulator.Build.0 = Ad-Hoc|iPhoneSimulator
		{8229E14F-5B6F-4372-97DA-E280309564C2}.Ad-Hoc|x64.ActiveCfg = Ad-Hoc|iPhone
		{8229E14F-5B6F-4372-97DA-E280309564C2}.Ad-Hoc|x86.ActiveCfg = Ad-Hoc|iPhone
		{8229E14F-5B6F-4372-97DA-E280309564C2}.AppStore|Any CPU.ActiveCfg = AppStore|iPhone
		{8229E14F-5B6F-4372-97DA-E280309564C2}.AppStore|ARM.ActiveCfg = AppStore|iPhone
		{8229E14F-5B6F-4372-97DA-E280309564C2}.AppStore|iPhone.ActiveCfg = AppStore|iPhone
		{8229E14F-5B6F-4372-97DA-E280309564C2}.AppStore|iPhone.Build.0 = AppStore|iPhone
		{8229E14F-5B6F-4372-97DA-E280309564C2}.AppStore|iPhoneSimulator.ActiveCfg = AppStore|iPhoneSimulator
		{8229E14F-5B6F-4372-97DA-E280309564C2}.AppStore|iPhoneSimulator.Build.0 = AppStore|iPhoneSimulator
		{8229E14F-5B6F-4372-97DA-E280309564C2}.AppStore|x64.ActiveCfg = AppStore|iPhone
		{8229E14F-5B6F-4372-97DA-E280309564C2}.AppStore|x86.ActiveCfg = AppStore|iPhone
		{8229E14F-5B6F-4372-97DA-E280309564C2}.Debug|Any CPU.ActiveCfg = Debug|iPhone
		{8229E14F-5B6F-4372-97DA-E280309564C2}.Debug|ARM.ActiveCfg = Debug|iPhone
		{8229E14F-5B6F-4372-97DA-E280309564C2}.Debug|iPhone.ActiveCfg = Debug|iPhone
		{8229E14F-5B6F-4372-97DA-E280309564C2}.Debug|iPhone.Build.0 = Debug|iPhone
		{8229E14F-5B6F-4372-97DA-E280309564C2}.Debug|iPhoneSimulator.ActiveCfg = Debug|iPhoneSimulator
		{8229E14F-5B6F-4372-97DA-E280309564C2}.Debug|iPhoneSimulator.Build.0 = Debug|iPhoneSimulator
		{8229E14F-5B6F-4372-97DA-E280309564C2}.Debug|x64.ActiveCfg = Debug|iPhone
		{8229E14F-5B6F-4372-97DA-E280309564C2}.Debug|x86.ActiveCfg = Debug|iPhone
		{8229E14F-5B6F-4372-97DA-E280309564C2}.Release|Any CPU.ActiveCfg = Release|iPhone
		{8229E14F-5B6F-4372-97DA-E280309564C2}.Release|ARM.ActiveCfg = Release|iPhone
		{8229E14F-5B6F-4372-97DA-E280309564C2}.Release|iPhone.ActiveCfg = Release|iPhone
		{8229E14F-5B6F-4372-97DA-E280309564C2}.Release|iPhone.Build.0 = Release|iPhone
		{8229E14F-5B6F-4372-97DA-E280309564C2}.Release|iPhoneSimulator.ActiveCfg = Release|iPhoneSimulator
		{8229E14F-5B6F-4372-97DA-E280309564C2}.Release|iPhoneSimulator.Build.0 = Release|iPhoneSimulator
		{8229E14F-5B6F-4372-97DA-E280309564C2}.Release|x64.ActiveCfg = Release|iPhone
		{8229E14F-5B6F-4372-97DA-E280309564C2}.Release|x86.ActiveCfg = Release|iPhone
	EndGlobalSection
	GlobalSection(SolutionProperties) = preSolution
		HideSolutionNode = FALSE
	EndGlobalSection
	GlobalSection(ExtensibilityGlobals) = postSolution
		SolutionGuid = {B4F041A7-6B74-447E-9B23-3FA2D14C384F}
	EndGlobalSection
EndGlobal
